
Microsoft Visual Studio Solution File, Format Version 12.00
# Visual Studio Version 16
VisualStudioVersion = 16.0.31829.152
MinimumVisualStudioVersion = 10.0.40219.1
Project("{FAE04EC0-301F-11D3-BF4B-00C04F79EFBC}") = "StudentHonor", "StudentHonor.csproj", "{98894720-9835-4BCE-B169-DDBF791EB6F9}"
EndProject
Global
	GlobalSection(SolutionConfigurationPlatforms) = preSolution
		Debug|Any CPU = Debug|Any CPU
		Release|Any CPU = Release|Any CPU
	EndGlobalSection
	GlobalSection(ProjectConfigurationPlatforms) = postSolution
		{98894720-9835-4BCE-B169-DDBF791EB6F9}.Debug|Any CPU.ActiveCfg = Debug|Any CPU
		{98894720-9835-4BCE-B169-DDBF791EB6F9}.Debug|Any CPU.Build.0 = Debug|Any CPU
		{98894720-9835-4BCE-B169-DDBF791EB6F9}.Release|Any CPU.ActiveCfg = Release|Any CPU
		{98894720-9835-4BCE-B169-DDBF791EB6F9}.Release|Any CPU.Build.0 = Release|Any CPU
	EndGlobalSection
	GlobalSection(SolutionProperties) = preSolution
		HideSolutionNode = FALSE
	EndGlobalSection
	GlobalSection(ExtensibilityGlobals) = postSolution
		SolutionGuid = {F6F9DBD5-FE66-4CB3-B063-E8C5A74E2780}
	EndGlobalSection
EndGlobal
