
Microsoft Visual Studio Solution File, Format Version 12.00
# Visual Studio Version 16
VisualStudioVersion = 16.0.810.11
MinimumVisualStudioVersion = 10.0.40219.1
Project("{FAE04EC0-301F-11D3-BF4B-00C04F79EFBC}") = "methodsAndObjects", "methodsAndObjects\methodsAndObjects.csproj", "{C2584434-1D2F-45E2-BFC0-E9AC9DCD20D1}"
EndProject
Global
	GlobalSection(SolutionConfigurationPlatforms) = preSolution
		Debug|Any CPU = Debug|Any CPU
		Release|Any CPU = Release|Any CPU
	EndGlobalSection
	GlobalSection(ProjectConfigurationPlatforms) = postSolution
		{C2584434-1D2F-45E2-BFC0-E9AC9DCD20D1}.Debug|Any CPU.ActiveCfg = Debug|Any CPU
		{C2584434-1D2F-45E2-BFC0-E9AC9DCD20D1}.Debug|Any CPU.Build.0 = Debug|Any CPU
		{C2584434-1D2F-45E2-BFC0-E9AC9DCD20D1}.Release|Any CPU.ActiveCfg = Release|Any CPU
		{C2584434-1D2F-45E2-BFC0-E9AC9DCD20D1}.Release|Any CPU.Build.0 = Release|Any CPU
	EndGlobalSection
	GlobalSection(SolutionProperties) = preSolution
		HideSolutionNode = FALSE
	EndGlobalSection
	GlobalSection(ExtensibilityGlobals) = postSolution
		SolutionGuid = {7750244A-F908-4A5D-A7F6-062311FDBCF0}
	EndGlobalSection
EndGlobal
