
Microsoft Visual Studio Solution File, Format Version 12.00
# Visual Studio Version 16
VisualStudioVersion = 16.0.31829.152
MinimumVisualStudioVersion = 10.0.40219.1
Project("{FAE04EC0-301F-11D3-BF4B-00C04F79EFBC}") = "NewsletterAppMVC", "NewsletterAppMVC.csproj", "{36C9D672-289E-4790-AAA5-2F3C96F924DD}"
EndProject
Global
	GlobalSection(SolutionConfigurationPlatforms) = preSolution
		Debug|Any CPU = Debug|Any CPU
		Release|Any CPU = Release|Any CPU
	EndGlobalSection
	GlobalSection(ProjectConfigurationPlatforms) = postSolution
		{36C9D672-289E-4790-AAA5-2F3C96F924DD}.Debug|Any CPU.ActiveCfg = Debug|Any CPU
		{36C9D672-289E-4790-AAA5-2F3C96F924DD}.Debug|Any CPU.Build.0 = Debug|Any CPU
		{36C9D672-289E-4790-AAA5-2F3C96F924DD}.Release|Any CPU.ActiveCfg = Release|Any CPU
		{36C9D672-289E-4790-AAA5-2F3C96F924DD}.Release|Any CPU.Build.0 = Release|Any CPU
	EndGlobalSection
	GlobalSection(SolutionProperties) = preSolution
		HideSolutionNode = FALSE
	EndGlobalSection
	GlobalSection(ExtensibilityGlobals) = postSolution
		SolutionGuid = {84DD0B93-0222-4414-AADD-19EA4F1E8A90}
	EndGlobalSection
EndGlobal
