
Microsoft Visual Studio Solution File, Format Version 12.00
# Visual Studio Version 16
VisualStudioVersion = 16.0.31829.152
MinimumVisualStudioVersion = 10.0.40219.1
Project("{FAE04EC0-301F-11D3-BF4B-00C04F79EFBC}") = "ConstructSub", "ConstructSub.csproj", "{7D297030-0457-4E8F-8F63-04151609DBD2}"
EndProject
Global
	GlobalSection(SolutionConfigurationPlatforms) = preSolution
		Debug|Any CPU = Debug|Any CPU
		Release|Any CPU = Release|Any CPU
	EndGlobalSection
	GlobalSection(ProjectConfigurationPlatforms) = postSolution
		{7D297030-0457-4E8F-8F63-04151609DBD2}.Debug|Any CPU.ActiveCfg = Debug|Any CPU
		{7D297030-0457-4E8F-8F63-04151609DBD2}.Debug|Any CPU.Build.0 = Debug|Any CPU
		{7D297030-0457-4E8F-8F63-04151609DBD2}.Release|Any CPU.ActiveCfg = Release|Any CPU
		{7D297030-0457-4E8F-8F63-04151609DBD2}.Release|Any CPU.Build.0 = Release|Any CPU
	EndGlobalSection
	GlobalSection(SolutionProperties) = preSolution
		HideSolutionNode = FALSE
	EndGlobalSection
	GlobalSection(ExtensibilityGlobals) = postSolution
		SolutionGuid = {850C27AE-3607-450F-A384-00CC9964F022}
	EndGlobalSection
EndGlobal
