
Microsoft Visual Studio Solution File, Format Version 12.00
# Visual Studio Version 16
VisualStudioVersion = 16.0.31729.503
MinimumVisualStudioVersion = 10.0.40219.1
Project("{FAE04EC0-301F-11D3-BF4B-00C04F79EFBC}") = "myConsoleProject.cs", "myConsoleProject.cs\myConsoleProject.cs.csproj", "{A5AC5B2E-18CB-4191-B226-C25C9C9E6CDB}"
EndProject
Global
	GlobalSection(SolutionConfigurationPlatforms) = preSolution
		Debug|Any CPU = Debug|Any CPU
		Release|Any CPU = Release|Any CPU
	EndGlobalSection
	GlobalSection(ProjectConfigurationPlatforms) = postSolution
		{A5AC5B2E-18CB-4191-B226-C25C9C9E6CDB}.Debug|Any CPU.ActiveCfg = Debug|Any CPU
		{A5AC5B2E-18CB-4191-B226-C25C9C9E6CDB}.Debug|Any CPU.Build.0 = Debug|Any CPU
		{A5AC5B2E-18CB-4191-B226-C25C9C9E6CDB}.Release|Any CPU.ActiveCfg = Release|Any CPU
		{A5AC5B2E-18CB-4191-B226-C25C9C9E6CDB}.Release|Any CPU.Build.0 = Release|Any CPU
	EndGlobalSection
	GlobalSection(SolutionProperties) = preSolution
		HideSolutionNode = FALSE
	EndGlobalSection
	GlobalSection(ExtensibilityGlobals) = postSolution
		SolutionGuid = {3F32FDCA-954D-4AE9-8B25-A8BB68753541}
	EndGlobalSection
EndGlobal
